
Microsoft Visual Studio Solution File, Format Version 12.00
# Visual Studio 15
VisualStudioVersion = 15.0.26730.16
MinimumVisualStudioVersion = 10.0.40219.1
Project("{9A19103F-16F7-4668-BE54-9A1E7A4F7556}") = "AspNetCore2.Authentication.InMemoryStores", "AspNetCore2.Authentication.InMemoryStores\AspNetCore2.Authentication.InMemoryStores.csproj", "{FB466A20-A873-4B92-BF02-FD2634DA49B7}"
EndProject
Project("{9A19103F-16F7-4668-BE54-9A1E7A4F7556}") = "ReferenceWebApp", "ReferenceWebApp\ReferenceWebApp.csproj", "{84E1F4D5-CA73-4B11-8C3C-7A193235124A}"
EndProject
Project("{9A19103F-16F7-4668-BE54-9A1E7A4F7556}") = "ReferenceWebApp.ExternalIdentity", "ReferenceWebApp.ExternalIdentity\ReferenceWebApp.ExternalIdentity.csproj", "{97CF936E-9AB3-40B7-9EDF-5E71F5FC6BDD}"
EndProject
Global
	GlobalSection(SolutionConfigurationPlatforms) = preSolution
		Debug|Any CPU = Debug|Any CPU
		Release|Any CPU = Release|Any CPU
	EndGlobalSection
	GlobalSection(ProjectConfigurationPlatforms) = postSolution
		{FB466A20-A873-4B92-BF02-FD2634DA49B7}.Debug|Any CPU.ActiveCfg = Debug|Any CPU
		{FB466A20-A873-4B92-BF02-FD2634DA49B7}.Debug|Any CPU.Build.0 = Debug|Any CPU
		{FB466A20-A873-4B92-BF02-FD2634DA49B7}.Release|Any CPU.ActiveCfg = Release|Any CPU
		{FB466A20-A873-4B92-BF02-FD2634DA49B7}.Release|Any CPU.Build.0 = Release|Any CPU
		{84E1F4D5-CA73-4B11-8C3C-7A193235124A}.Debug|Any CPU.ActiveCfg = Debug|Any CPU
		{84E1F4D5-CA73-4B11-8C3C-7A193235124A}.Debug|Any CPU.Build.0 = Debug|Any CPU
		{84E1F4D5-CA73-4B11-8C3C-7A193235124A}.Release|Any CPU.ActiveCfg = Release|Any CPU
		{84E1F4D5-CA73-4B11-8C3C-7A193235124A}.Release|Any CPU.Build.0 = Release|Any CPU
		{97CF936E-9AB3-40B7-9EDF-5E71F5FC6BDD}.Debug|Any CPU.ActiveCfg = Debug|Any CPU
		{97CF936E-9AB3-40B7-9EDF-5E71F5FC6BDD}.Debug|Any CPU.Build.0 = Debug|Any CPU
		{97CF936E-9AB3-40B7-9EDF-5E71F5FC6BDD}.Release|Any CPU.ActiveCfg = Release|Any CPU
		{97CF936E-9AB3-40B7-9EDF-5E71F5FC6BDD}.Release|Any CPU.Build.0 = Release|Any CPU
	EndGlobalSection
	GlobalSection(SolutionProperties) = preSolution
		HideSolutionNode = FALSE
	EndGlobalSection
	GlobalSection(ExtensibilityGlobals) = postSolution
		SolutionGuid = {83710514-CD72-4060-8B41-C487F15267AB}
	EndGlobalSection
EndGlobal
